
Microsoft Visual Studio Solution File, Format Version 12.00
# Visual Studio Version 17
VisualStudioVersion = 17.10.34916.146
MinimumVisualStudioVersion = 10.0.40219.1
Project("{FAE04EC0-301F-11D3-BF4B-00C04F79EFBC}") = "CepDostu", "CepDostu\CepDostu.csproj", "{A057518E-60B4-4CC0-8F8E-3CF100EDCCDC}"
EndProject
Global
	GlobalSection(SolutionConfigurationPlatforms) = preSolution
		Debug|Any CPU = Debug|Any CPU
		Release|Any CPU = Release|Any CPU
	EndGlobalSection
	GlobalSection(ProjectConfigurationPlatforms) = postSolution
		{A057518E-60B4-4CC0-8F8E-3CF100EDCCDC}.Debug|Any CPU.ActiveCfg = Debug|Any CPU
		{A057518E-60B4-4CC0-8F8E-3CF100EDCCDC}.Debug|Any CPU.Build.0 = Debug|Any CPU
		{A057518E-60B4-4CC0-8F8E-3CF100EDCCDC}.Release|Any CPU.ActiveCfg = Release|Any CPU
		{A057518E-60B4-4CC0-8F8E-3CF100EDCCDC}.Release|Any CPU.Build.0 = Release|Any CPU
	EndGlobalSection
	GlobalSection(SolutionProperties) = preSolution
		HideSolutionNode = FALSE
	EndGlobalSection
	GlobalSection(ExtensibilityGlobals) = postSolution
		SolutionGuid = {913DC637-7BDE-4AA8-84A6-B15D0C77DAE7}
	EndGlobalSection
EndGlobal
